// !$*UTF8*$!
{
	archiveVersion = 1;
	classes = {
	};
	objectVersion = 50;
	objects = {

/* Begin PBXBuildFile section */
		AE64A12F26865E160073186F /* CalendarDayCollectionViewModel.swift in Sources */ = {isa = PBXBuildFile; fileRef = AE64A12E26865E160073186F /* CalendarDayCollectionViewModel.swift */; };
		AE64A13326871F1E0073186F /* CalendarPageViewController.swift in Sources */ = {isa = PBXBuildFile; fileRef = AE64A13126871F1E0073186F /* CalendarPageViewController.swift */; };
		AE64A13626871F7A0073186F /* CalendarPageViewController.storyboard in Resources */ = {isa = PBXBuildFile; fileRef = AE64A13526871F7A0073186F /* CalendarPageViewController.storyboard */; };
		AE64A13926872C240073186F /* CalendarMonthViewController.storyboard in Resources */ = {isa = PBXBuildFile; fileRef = AE64A13826872C240073186F /* CalendarMonthViewController.storyboard */; };
		AE64A13B26872C380073186F /* CalendarMonthViewController.swift in Sources */ = {isa = PBXBuildFile; fileRef = AE64A13A26872C380073186F /* CalendarMonthViewController.swift */; };
		AE64A13D26872CEA0073186F /* UIViewControllerUtilities.swift in Sources */ = {isa = PBXBuildFile; fileRef = AE64A13C26872CEA0073186F /* UIViewControllerUtilities.swift */; };
		AE64A13F26872E330073186F /* CalendarPageViewControllerViewModel.swift in Sources */ = {isa = PBXBuildFile; fileRef = AE64A13E26872E330073186F /* CalendarPageViewControllerViewModel.swift */; };
		AE64A142268768B10073186F /* CalendarEventSetterViewController.swift in Sources */ = {isa = PBXBuildFile; fileRef = AE64A141268768B10073186F /* CalendarEventSetterViewController.swift */; };
		AE64A144268768BC0073186F /* CalendarEventSetterViewController.storyboard in Resources */ = {isa = PBXBuildFile; fileRef = AE64A143268768BC0073186F /* CalendarEventSetterViewController.storyboard */; };
		AE79EBA8268623F3009C561C /* CalendarMonthTableViewCell.swift in Sources */ = {isa = PBXBuildFile; fileRef = AE79EBA6268623F3009C561C /* CalendarMonthTableViewCell.swift */; };
		AE79EBA9268623F3009C561C /* CalendarMonthTableViewCell.xib in Resources */ = {isa = PBXBuildFile; fileRef = AE79EBA7268623F3009C561C /* CalendarMonthTableViewCell.xib */; };
		AE79EBAB26862620009C561C /* CalendarViewModel.swift in Sources */ = {isa = PBXBuildFile; fileRef = AE79EBAA26862620009C561C /* CalendarViewModel.swift */; };
		AEB6DBCE2684FD7100D2CE16 /* AppDelegate.swift in Sources */ = {isa = PBXBuildFile; fileRef = AEB6DBCD2684FD7100D2CE16 /* AppDelegate.swift */; };
		AEB6DBD02684FD7100D2CE16 /* SceneDelegate.swift in Sources */ = {isa = PBXBuildFile; fileRef = AEB6DBCF2684FD7100D2CE16 /* SceneDelegate.swift */; };
		AEB6DBD22684FD7100D2CE16 /* CalendarViewController.swift in Sources */ = {isa = PBXBuildFile; fileRef = AEB6DBD12684FD7100D2CE16 /* CalendarViewController.swift */; };
		AEB6DBD52684FD7100D2CE16 /* CalendarViewController.storyboard in Resources */ = {isa = PBXBuildFile; fileRef = AEB6DBD32684FD7100D2CE16 /* CalendarViewController.storyboard */; };
		AEB6DBD72684FD7300D2CE16 /* Assets.xcassets in Resources */ = {isa = PBXBuildFile; fileRef = AEB6DBD62684FD7300D2CE16 /* Assets.xcassets */; };
		AEB6DBDA2684FD7300D2CE16 /* LaunchScreen.storyboard in Resources */ = {isa = PBXBuildFile; fileRef = AEB6DBD82684FD7300D2CE16 /* LaunchScreen.storyboard */; };
		AEB6DBE92685019900D2CE16 /* CalendarMonthCollectionView.swift in Sources */ = {isa = PBXBuildFile; fileRef = AEB6DBE82685019900D2CE16 /* CalendarMonthCollectionView.swift */; };
		AEB6DBED268501C200D2CE16 /* CalendarMonthCollectionView.xib in Resources */ = {isa = PBXBuildFile; fileRef = AEB6DBEC268501C200D2CE16 /* CalendarMonthCollectionView.xib */; };
		AEB6DBF12685023400D2CE16 /* CalendarDayCollectionViewCell.swift in Sources */ = {isa = PBXBuildFile; fileRef = AEB6DBEF2685023400D2CE16 /* CalendarDayCollectionViewCell.swift */; };
		AEB6DBF22685023400D2CE16 /* CalendarDayCollectionViewCell.xib in Resources */ = {isa = PBXBuildFile; fileRef = AEB6DBF02685023400D2CE16 /* CalendarDayCollectionViewCell.xib */; };
		AEB6DBF5268502F300D2CE16 /* UIViewUtilities.swift in Sources */ = {isa = PBXBuildFile; fileRef = AEB6DBF4268502F300D2CE16 /* UIViewUtilities.swift */; };
		AEB6DBF72685045600D2CE16 /* CalendarMonthCollectionViewModel.swift in Sources */ = {isa = PBXBuildFile; fileRef = AEB6DBF62685045600D2CE16 /* CalendarMonthCollectionViewModel.swift */; };
		AEB6DBFC268512C800D2CE16 /* DateUtilities.swift in Sources */ = {isa = PBXBuildFile; fileRef = AEB6DBFB268512C800D2CE16 /* DateUtilities.swift */; };
		AEB6DBFE2685138500D2CE16 /* StringConstants.swift in Sources */ = {isa = PBXBuildFile; fileRef = AEB6DBFD2685138500D2CE16 /* StringConstants.swift */; };
/* End PBXBuildFile section */

/* Begin PBXFileReference section */
		AE64A12E26865E160073186F /* CalendarDayCollectionViewModel.swift */ = {isa = PBXFileReference; lastKnownFileType = sourcecode.swift; path = CalendarDayCollectionViewModel.swift; sourceTree = "<group>"; };
		AE64A13126871F1E0073186F /* CalendarPageViewController.swift */ = {isa = PBXFileReference; lastKnownFileType = sourcecode.swift; path = CalendarPageViewController.swift; sourceTree = "<group>"; };
		AE64A13526871F7A0073186F /* CalendarPageViewController.storyboard */ = {isa = PBXFileReference; lastKnownFileType = file.storyboard; path = CalendarPageViewController.storyboard; sourceTree = "<group>"; };
		AE64A13826872C240073186F /* CalendarMonthViewController.storyboard */ = {isa = PBXFileReference; lastKnownFileType = file.storyboard; path = CalendarMonthViewController.storyboard; sourceTree = "<group>"; };
		AE64A13A26872C380073186F /* CalendarMonthViewController.swift */ = {isa = PBXFileReference; lastKnownFileType = sourcecode.swift; path = CalendarMonthViewController.swift; sourceTree = "<group>"; };
		AE64A13C26872CEA0073186F /* UIViewControllerUtilities.swift */ = {isa = PBXFileReference; lastKnownFileType = sourcecode.swift; path = UIViewControllerUtilities.swift; sourceTree = "<group>"; };
		AE64A13E26872E330073186F /* CalendarPageViewControllerViewModel.swift */ = {isa = PBXFileReference; lastKnownFileType = sourcecode.swift; path = CalendarPageViewControllerViewModel.swift; sourceTree = "<group>"; };
		AE64A141268768B10073186F /* CalendarEventSetterViewController.swift */ = {isa = PBXFileReference; lastKnownFileType = sourcecode.swift; path = CalendarEventSetterViewController.swift; sourceTree = "<group>"; };
		AE64A143268768BC0073186F /* CalendarEventSetterViewController.storyboard */ = {isa = PBXFileReference; lastKnownFileType = file.storyboard; path = CalendarEventSetterViewController.storyboard; sourceTree = "<group>"; };
		AE79EBA6268623F3009C561C /* CalendarMonthTableViewCell.swift */ = {isa = PBXFileReference; lastKnownFileType = sourcecode.swift; path = CalendarMonthTableViewCell.swift; sourceTree = "<group>"; };
		AE79EBA7268623F3009C561C /* CalendarMonthTableViewCell.xib */ = {isa = PBXFileReference; lastKnownFileType = file.xib; path = CalendarMonthTableViewCell.xib; sourceTree = "<group>"; };
		AE79EBAA26862620009C561C /* CalendarViewModel.swift */ = {isa = PBXFileReference; lastKnownFileType = sourcecode.swift; path = CalendarViewModel.swift; sourceTree = "<group>"; };
		AEB6DBCA2684FD7100D2CE16 /* Events.app */ = {isa = PBXFileReference; explicitFileType = wrapper.application; includeInIndex = 0; path = Events.app; sourceTree = BUILT_PRODUCTS_DIR; };
		AEB6DBCD2684FD7100D2CE16 /* AppDelegate.swift */ = {isa = PBXFileReference; lastKnownFileType = sourcecode.swift; path = AppDelegate.swift; sourceTree = "<group>"; };
		AEB6DBCF2684FD7100D2CE16 /* SceneDelegate.swift */ = {isa = PBXFileReference; lastKnownFileType = sourcecode.swift; path = SceneDelegate.swift; sourceTree = "<group>"; };
		AEB6DBD12684FD7100D2CE16 /* CalendarViewController.swift */ = {isa = PBXFileReference; lastKnownFileType = sourcecode.swift; path = CalendarViewController.swift; sourceTree = "<group>"; };
		AEB6DBD42684FD7100D2CE16 /* Base */ = {isa = PBXFileReference; lastKnownFileType = file.storyboard; name = Base; path = Base.lproj/CalendarViewController.storyboard; sourceTree = "<group>"; };
		AEB6DBD62684FD7300D2CE16 /* Assets.xcassets */ = {isa = PBXFileReference; lastKnownFileType = folder.assetcatalog; path = Assets.xcassets; sourceTree = "<group>"; };
		AEB6DBD92684FD7300D2CE16 /* Base */ = {isa = PBXFileReference; lastKnownFileType = file.storyboard; name = Base; path = Base.lproj/LaunchScreen.storyboard; sourceTree = "<group>"; };
		AEB6DBDB2684FD7300D2CE16 /* Info.plist */ = {isa = PBXFileReference; lastKnownFileType = text.plist.xml; path = Info.plist; sourceTree = "<group>"; };
		AEB6DBE82685019900D2CE16 /* CalendarMonthCollectionView.swift */ = {isa = PBXFileReference; lastKnownFileType = sourcecode.swift; path = CalendarMonthCollectionView.swift; sourceTree = "<group>"; };
		AEB6DBEC268501C200D2CE16 /* CalendarMonthCollectionView.xib */ = {isa = PBXFileReference; lastKnownFileType = file.xib; path = CalendarMonthCollectionView.xib; sourceTree = "<group>"; };
		AEB6DBEF2685023400D2CE16 /* CalendarDayCollectionViewCell.swift */ = {isa = PBXFileReference; lastKnownFileType = sourcecode.swift; path = CalendarDayCollectionViewCell.swift; sourceTree = "<group>"; };
		AEB6DBF02685023400D2CE16 /* CalendarDayCollectionViewCell.xib */ = {isa = PBXFileReference; lastKnownFileType = file.xib; path = CalendarDayCollectionViewCell.xib; sourceTree = "<group>"; };
		AEB6DBF4268502F300D2CE16 /* UIViewUtilities.swift */ = {isa = PBXFileReference; lastKnownFileType = sourcecode.swift; path = UIViewUtilities.swift; sourceTree = "<group>"; };
		AEB6DBF62685045600D2CE16 /* CalendarMonthCollectionViewModel.swift */ = {isa = PBXFileReference; lastKnownFileType = sourcecode.swift; path = CalendarMonthCollectionViewModel.swift; sourceTree = "<group>"; };
		AEB6DBFB268512C800D2CE16 /* DateUtilities.swift */ = {isa = PBXFileReference; lastKnownFileType = sourcecode.swift; path = DateUtilities.swift; sourceTree = "<group>"; };
		AEB6DBFD2685138500D2CE16 /* StringConstants.swift */ = {isa = PBXFileReference; lastKnownFileType = sourcecode.swift; path = StringConstants.swift; sourceTree = "<group>"; };
/* End PBXFileReference section */

/* Begin PBXFrameworksBuildPhase section */
		AEB6DBC72684FD7100D2CE16 /* Frameworks */ = {
			isa = PBXFrameworksBuildPhase;
			buildActionMask = 2147483647;
			files = (
			);
			runOnlyForDeploymentPostprocessing = 0;
		};
/* End PBXFrameworksBuildPhase section */

/* Begin PBXGroup section */
		AE64A13026871EBF0073186F /* CalendarPageViewController */ = {
			isa = PBXGroup;
			children = (
				AE64A13526871F7A0073186F /* CalendarPageViewController.storyboard */,
				AE64A13E26872E330073186F /* CalendarPageViewControllerViewModel.swift */,
				AE64A13126871F1E0073186F /* CalendarPageViewController.swift */,
			);
			path = CalendarPageViewController;
			sourceTree = "<group>";
		};
		AE64A13726872B630073186F /* CalendarMonthViewController */ = {
			isa = PBXGroup;
			children = (
				AE64A13826872C240073186F /* CalendarMonthViewController.storyboard */,
				AE64A13A26872C380073186F /* CalendarMonthViewController.swift */,
			);
			path = CalendarMonthViewController;
			sourceTree = "<group>";
		};
		AE64A140268768920073186F /* CalendarEventSetterViewController */ = {
			isa = PBXGroup;
			children = (
				AE64A143268768BC0073186F /* CalendarEventSetterViewController.storyboard */,
				AE64A141268768B10073186F /* CalendarEventSetterViewController.swift */,
			);
			path = CalendarEventSetterViewController;
			sourceTree = "<group>";
		};
		AE79EBA5268623CF009C561C /* CalendarMonthTableViewCell */ = {
			isa = PBXGroup;
			children = (
				AE79EBA7268623F3009C561C /* CalendarMonthTableViewCell.xib */,
				AE79EBA6268623F3009C561C /* CalendarMonthTableViewCell.swift */,
			);
			path = CalendarMonthTableViewCell;
			sourceTree = "<group>";
		};
		AEB6DBC12684FD7100D2CE16 = {
			isa = PBXGroup;
			children = (
				AEB6DBCC2684FD7100D2CE16 /* Events */,
				AEB6DBCB2684FD7100D2CE16 /* Products */,
			);
			sourceTree = "<group>";
		};
		AEB6DBCB2684FD7100D2CE16 /* Products */ = {
			isa = PBXGroup;
			children = (
				AEB6DBCA2684FD7100D2CE16 /* Events.app */,
			);
			name = Products;
			sourceTree = "<group>";
		};
		AEB6DBCC2684FD7100D2CE16 /* Events */ = {
			isa = PBXGroup;
			children = (
				AEB6DBE12684FDB200D2CE16 /* Lifecycle */,
				AEB6DBE32685010C00D2CE16 /* Templates */,
				AEB6DBE52685012D00D2CE16 /* Organisms */,
				AEB6DBD82684FD7300D2CE16 /* LaunchScreen.storyboard */,
				AEB6DBE22684FDC100D2CE16 /* Resources */,
				AEB6DBDB2684FD7300D2CE16 /* Info.plist */,
			);
			path = Events;
			sourceTree = "<group>";
		};
		AEB6DBE12684FDB200D2CE16 /* Lifecycle */ = {
			isa = PBXGroup;
			children = (
				AEB6DBCD2684FD7100D2CE16 /* AppDelegate.swift */,
				AEB6DBCF2684FD7100D2CE16 /* SceneDelegate.swift */,
			);
			path = Lifecycle;
			sourceTree = "<group>";
		};
		AEB6DBE22684FDC100D2CE16 /* Resources */ = {
			isa = PBXGroup;
			children = (
				AEB6DBF3268502E300D2CE16 /* Utilities */,
				AEB6DBD62684FD7300D2CE16 /* Assets.xcassets */,
				AEB6DBFD2685138500D2CE16 /* StringConstants.swift */,
			);
			path = Resources;
			sourceTree = "<group>";
		};
		AEB6DBE32685010C00D2CE16 /* Templates */ = {
			isa = PBXGroup;
			children = (
				AEB6DBE42685011C00D2CE16 /* CalendarViewController */,
				AE64A13026871EBF0073186F /* CalendarPageViewController */,
				AE64A13726872B630073186F /* CalendarMonthViewController */,
				AE64A140268768920073186F /* CalendarEventSetterViewController */,
			);
			path = Templates;
			sourceTree = "<group>";
		};
		AEB6DBE42685011C00D2CE16 /* CalendarViewController */ = {
			isa = PBXGroup;
			children = (
				AEB6DBD32684FD7100D2CE16 /* CalendarViewController.storyboard */,
				AE79EBAA26862620009C561C /* CalendarViewModel.swift */,
				AEB6DBD12684FD7100D2CE16 /* CalendarViewController.swift */,
			);
			path = CalendarViewController;
			sourceTree = "<group>";
		};
		AEB6DBE52685012D00D2CE16 /* Organisms */ = {
			isa = PBXGroup;
			children = (
				AE79EBA5268623CF009C561C /* CalendarMonthTableViewCell */,
				AEB6DBE62685014200D2CE16 /* CalendarMonthCollectionView */,
			);
			path = Organisms;
			sourceTree = "<group>";
		};
		AEB6DBE62685014200D2CE16 /* CalendarMonthCollectionView */ = {
			isa = PBXGroup;
			children = (
				AEB6DBEE2685020C00D2CE16 /* CalendarDayCollectionViewCell */,
				AEB6DBEC268501C200D2CE16 /* CalendarMonthCollectionView.xib */,
				AEB6DBF62685045600D2CE16 /* CalendarMonthCollectionViewModel.swift */,
				AEB6DBE82685019900D2CE16 /* CalendarMonthCollectionView.swift */,
			);
			path = CalendarMonthCollectionView;
			sourceTree = "<group>";
		};
		AEB6DBEE2685020C00D2CE16 /* CalendarDayCollectionViewCell */ = {
			isa = PBXGroup;
			children = (
				AEB6DBF02685023400D2CE16 /* CalendarDayCollectionViewCell.xib */,
				AE64A12E26865E160073186F /* CalendarDayCollectionViewModel.swift */,
				AEB6DBEF2685023400D2CE16 /* CalendarDayCollectionViewCell.swift */,
			);
			path = CalendarDayCollectionViewCell;
			sourceTree = "<group>";
		};
		AEB6DBF3268502E300D2CE16 /* Utilities */ = {
			isa = PBXGroup;
			children = (
				AEB6DBF4268502F300D2CE16 /* UIViewUtilities.swift */,
				AEB6DBFB268512C800D2CE16 /* DateUtilities.swift */,
				AE64A13C26872CEA0073186F /* UIViewControllerUtilities.swift */,
			);
			path = Utilities;
			sourceTree = "<group>";
		};
/* End PBXGroup section */

/* Begin PBXNativeTarget section */
		AEB6DBC92684FD7100D2CE16 /* Events */ = {
			isa = PBXNativeTarget;
			buildConfigurationList = AEB6DBDE2684FD7300D2CE16 /* Build configuration list for PBXNativeTarget "Events" */;
			buildPhases = (
				AEB6DBC62684FD7100D2CE16 /* Sources */,
				AEB6DBC72684FD7100D2CE16 /* Frameworks */,
				AEB6DBC82684FD7100D2CE16 /* Resources */,
			);
			buildRules = (
			);
			dependencies = (
			);
			name = Events;
			productName = Events;
			productReference = AEB6DBCA2684FD7100D2CE16 /* Events.app */;
			productType = "com.apple.product-type.application";
		};
/* End PBXNativeTarget section */

/* Begin PBXProject section */
		AEB6DBC22684FD7100D2CE16 /* Project object */ = {
			isa = PBXProject;
			attributes = {
				LastSwiftUpdateCheck = 1250;
				LastUpgradeCheck = 1250;
				TargetAttributes = {
					AEB6DBC92684FD7100D2CE16 = {
						CreatedOnToolsVersion = 12.5.1;
					};
				};
			};
			buildConfigurationList = AEB6DBC52684FD7100D2CE16 /* Build configuration list for PBXProject "Events" */;
			compatibilityVersion = "Xcode 9.3";
			developmentRegion = en;
			hasScannedForEncodings = 0;
			knownRegions = (
				en,
				Base,
			);
			mainGroup = AEB6DBC12684FD7100D2CE16;
			productRefGroup = AEB6DBCB2684FD7100D2CE16 /* Products */;
			projectDirPath = "";
			projectRoot = "";
			targets = (
				AEB6DBC92684FD7100D2CE16 /* Events */,
			);
		};
/* End PBXProject section */

/* Begin PBXResourcesBuildPhase section */
		AEB6DBC82684FD7100D2CE16 /* Resources */ = {
			isa = PBXResourcesBuildPhase;
			buildActionMask = 2147483647;
			files = (
				AE79EBA9268623F3009C561C /* CalendarMonthTableViewCell.xib in Resources */,
				AEB6DBDA2684FD7300D2CE16 /* LaunchScreen.storyboard in Resources */,
				AEB6DBD72684FD7300D2CE16 /* Assets.xcassets in Resources */,
				AE64A144268768BC0073186F /* CalendarEventSetterViewController.storyboard in Resources */,
				AE64A13626871F7A0073186F /* CalendarPageViewController.storyboard in Resources */,
				AE64A13926872C240073186F /* CalendarMonthViewController.storyboard in Resources */,
				AEB6DBF22685023400D2CE16 /* CalendarDayCollectionViewCell.xib in Resources */,
				AEB6DBD52684FD7100D2CE16 /* CalendarViewController.storyboard in Resources */,
				AEB6DBED268501C200D2CE16 /* CalendarMonthCollectionView.xib in Resources */,
			);
			runOnlyForDeploymentPostprocessing = 0;
		};
/* End PBXResourcesBuildPhase section */

/* Begin PBXSourcesBuildPhase section */
		AEB6DBC62684FD7100D2CE16 /* Sources */ = {
			isa = PBXSourcesBuildPhase;
			buildActionMask = 2147483647;
			files = (
				AEB6DBD22684FD7100D2CE16 /* CalendarViewController.swift in Sources */,
				AE64A142268768B10073186F /* CalendarEventSetterViewController.swift in Sources */,
				AEB6DBF12685023400D2CE16 /* CalendarDayCollectionViewCell.swift in Sources */,
				AEB6DBF72685045600D2CE16 /* CalendarMonthCollectionViewModel.swift in Sources */,
				AE64A13D26872CEA0073186F /* UIViewControllerUtilities.swift in Sources */,
				AEB6DBE92685019900D2CE16 /* CalendarMonthCollectionView.swift in Sources */,
				AEB6DBCE2684FD7100D2CE16 /* AppDelegate.swift in Sources */,
				AEB6DBFC268512C800D2CE16 /* DateUtilities.swift in Sources */,
				AE79EBA8268623F3009C561C /* CalendarMonthTableViewCell.swift in Sources */,
				AE64A13F26872E330073186F /* CalendarPageViewControllerViewModel.swift in Sources */,
				AE64A12F26865E160073186F /* CalendarDayCollectionViewModel.swift in Sources */,
				AEB6DBD02684FD7100D2CE16 /* SceneDelegate.swift in Sources */,
				AE64A13326871F1E0073186F /* CalendarPageViewController.swift in Sources */,
				AEB6DBFE2685138500D2CE16 /* StringConstants.swift in Sources */,
				AE79EBAB26862620009C561C /* CalendarViewModel.swift in Sources */,
				AEB6DBF5268502F300D2CE16 /* UIViewUtilities.swift in Sources */,
				AE64A13B26872C380073186F /* CalendarMonthViewController.swift in Sources */,
			);
			runOnlyForDeploymentPostprocessing = 0;
		};
/* End PBXSourcesBuildPhase section */

/* Begin PBXVariantGroup section */
		AEB6DBD32684FD7100D2CE16 /* CalendarViewController.storyboard */ = {
			isa = PBXVariantGroup;
			children = (
				AEB6DBD42684FD7100D2CE16 /* Base */,
			);
			name = CalendarViewController.storyboard;
			sourceTree = "<group>";
		};
		AEB6DBD82684FD7300D2CE16 /* LaunchScreen.storyboard */ = {
			isa = PBXVariantGroup;
			children = (
				AEB6DBD92684FD7300D2CE16 /* Base */,
			);
			name = LaunchScreen.storyboard;
			sourceTree = "<group>";
		};
/* End PBXVariantGroup section */

/* Begin XCBuildConfiguration section */
		AEB6DBDC2684FD7300D2CE16 /* Debug */ = {
			isa = XCBuildConfiguration;
			buildSettings = {
				ALWAYS_SEARCH_USER_PATHS = NO;
				CLANG_ANALYZER_NONNULL = YES;
				CLANG_ANALYZER_NUMBER_OBJECT_CONVERSION = YES_AGGRESSIVE;
				CLANG_CXX_LANGUAGE_STANDARD = "gnu++14";
				CLANG_CXX_LIBRARY = "libc++";
				CLANG_ENABLE_MODULES = YES;
				CLANG_ENABLE_OBJC_ARC = YES;
				CLANG_ENABLE_OBJC_WEAK = YES;
				CLANG_WARN_BLOCK_CAPTURE_AUTORELEASING = YES;
				CLANG_WARN_BOOL_CONVERSION = YES;
				CLANG_WARN_COMMA = YES;
				CLANG_WARN_CONSTANT_CONVERSION = YES;
				CLANG_WARN_DEPRECATED_OBJC_IMPLEMENTATIONS = YES;
				CLANG_WARN_DIRECT_OBJC_ISA_USAGE = YES_ERROR;
				CLANG_WARN_DOCUMENTATION_COMMENTS = YES;
				CLANG_WARN_EMPTY_BODY = YES;
				CLANG_WARN_ENUM_CONVERSION = YES;
				CLANG_WARN_INFINITE_RECURSION = YES;
				CLANG_WARN_INT_CONVERSION = YES;
				CLANG_WARN_NON_LITERAL_NULL_CONVERSION = YES;
				CLANG_WARN_OBJC_IMPLICIT_RETAIN_SELF = YES;
				CLANG_WARN_OBJC_LITERAL_CONVERSION = YES;
				CLANG_WARN_OBJC_ROOT_CLASS = YES_ERROR;
				CLANG_WARN_QUOTED_INCLUDE_IN_FRAMEWORK_HEADER = YES;
				CLANG_WARN_RANGE_LOOP_ANALYSIS = YES;
				CLANG_WARN_STRICT_PROTOTYPES = YES;
				CLANG_WARN_SUSPICIOUS_MOVE = YES;
				CLANG_WARN_UNGUARDED_AVAILABILITY = YES_AGGRESSIVE;
				CLANG_WARN_UNREACHABLE_CODE = YES;
				CLANG_WARN__DUPLICATE_METHOD_MATCH = YES;
				COPY_PHASE_STRIP = NO;
				DEBUG_INFORMATION_FORMAT = dwarf;
				ENABLE_STRICT_OBJC_MSGSEND = YES;
				ENABLE_TESTABILITY = YES;
				GCC_C_LANGUAGE_STANDARD = gnu11;
				GCC_DYNAMIC_NO_PIC = NO;
				GCC_NO_COMMON_BLOCKS = YES;
				GCC_OPTIMIZATION_LEVEL = 0;
				GCC_PREPROCESSOR_DEFINITIONS = (
					"DEBUG=1",
					"$(inherited)",
				);
				GCC_WARN_64_TO_32_BIT_CONVERSION = YES;
				GCC_WARN_ABOUT_RETURN_TYPE = YES_ERROR;
				GCC_WARN_UNDECLARED_SELECTOR = YES;
				GCC_WARN_UNINITIALIZED_AUTOS = YES_AGGRESSIVE;
				GCC_WARN_UNUSED_FUNCTION = YES;
				GCC_WARN_UNUSED_VARIABLE = YES;
				IPHONEOS_DEPLOYMENT_TARGET = 14.5;
				MTL_ENABLE_DEBUG_INFO = INCLUDE_SOURCE;
				MTL_FAST_MATH = YES;
				ONLY_ACTIVE_ARCH = YES;
				SDKROOT = iphoneos;
				SWIFT_ACTIVE_COMPILATION_CONDITIONS = DEBUG;
				SWIFT_OPTIMIZATION_LEVEL = "-Onone";
			};
			name = Debug;
		};
		AEB6DBDD2684FD7300D2CE16 /* Release */ = {
			isa = XCBuildConfiguration;
			buildSettings = {
				ALWAYS_SEARCH_USER_PATHS = NO;
				CLANG_ANALYZER_NONNULL = YES;
				CLANG_ANALYZER_NUMBER_OBJECT_CONVERSION = YES_AGGRESSIVE;
				CLANG_CXX_LANGUAGE_STANDARD = "gnu++14";
				CLANG_CXX_LIBRARY = "libc++";
				CLANG_ENABLE_MODULES = YES;
				CLANG_ENABLE_OBJC_ARC = YES;
				CLANG_ENABLE_OBJC_WEAK = YES;
				CLANG_WARN_BLOCK_CAPTURE_AUTORELEASING = YES;
				CLANG_WARN_BOOL_CONVERSION = YES;
				CLANG_WARN_COMMA = YES;
				CLANG_WARN_CONSTANT_CONVERSION = YES;
				CLANG_WARN_DEPRECATED_OBJC_IMPLEMENTATIONS = YES;
				CLANG_WARN_DIRECT_OBJC_ISA_USAGE = YES_ERROR;
				CLANG_WARN_DOCUMENTATION_COMMENTS = YES;
				CLANG_WARN_EMPTY_BODY = YES;
				CLANG_WARN_ENUM_CONVERSION = YES;
				CLANG_WARN_INFINITE_RECURSION = YES;
				CLANG_WARN_INT_CONVERSION = YES;
				CLANG_WARN_NON_LITERAL_NULL_CONVERSION = YES;
				CLANG_WARN_OBJC_IMPLICIT_RETAIN_SELF = YES;
				CLANG_WARN_OBJC_LITERAL_CONVERSION = YES;
				CLANG_WARN_OBJC_ROOT_CLASS = YES_ERROR;
				CLANG_WARN_QUOTED_INCLUDE_IN_FRAMEWORK_HEADER = YES;
				CLANG_WARN_RANGE_LOOP_ANALYSIS = YES;
				CLANG_WARN_STRICT_PROTOTYPES = YES;
				CLANG_WARN_SUSPICIOUS_MOVE = YES;
				CLANG_WARN_UNGUARDED_AVAILABILITY = YES_AGGRESSIVE;
				CLANG_WARN_UNREACHABLE_CODE = YES;
				CLANG_WARN__DUPLICATE_METHOD_MATCH = YES;
				COPY_PHASE_STRIP = NO;
				DEBUG_INFORMATION_FORMAT = "dwarf-with-dsym";
				ENABLE_NS_ASSERTIONS = NO;
				ENABLE_STRICT_OBJC_MSGSEND = YES;
				GCC_C_LANGUAGE_STANDARD = gnu11;
				GCC_NO_COMMON_BLOCKS = YES;
				GCC_WARN_64_TO_32_BIT_CONVERSION = YES;
				GCC_WARN_ABOUT_RETURN_TYPE = YES_ERROR;
				GCC_WARN_UNDECLARED_SELECTOR = YES;
				GCC_WARN_UNINITIALIZED_AUTOS = YES_AGGRESSIVE;
				GCC_WARN_UNUSED_FUNCTION = YES;
				GCC_WARN_UNUSED_VARIABLE = YES;
				IPHONEOS_DEPLOYMENT_TARGET = 14.5;
				MTL_ENABLE_DEBUG_INFO = NO;
				MTL_FAST_MATH = YES;
				SDKROOT = iphoneos;
				SWIFT_COMPILATION_MODE = wholemodule;
				SWIFT_OPTIMIZATION_LEVEL = "-O";
				VALIDATE_PRODUCT = YES;
			};
			name = Release;
		};
		AEB6DBDF2684FD7300D2CE16 /* Debug */ = {
			isa = XCBuildConfiguration;
			buildSettings = {
				ASSETCATALOG_COMPILER_APPICON_NAME = AppIcon;
				ASSETCATALOG_COMPILER_GLOBAL_ACCENT_COLOR_NAME = AccentColor;
				CODE_SIGN_STYLE = Automatic;
				DEVELOPMENT_TEAM = 8C4BXC8Z6S;
				INFOPLIST_FILE = Events/Info.plist;
				IPHONEOS_DEPLOYMENT_TARGET = 13.0;
				LD_RUNPATH_SEARCH_PATHS = (
					"$(inherited)",
					"@executable_path/Frameworks",
				);
				PRODUCT_BUNDLE_IDENTIFIER = com.lourdes.eventsapp;
				PRODUCT_NAME = "$(TARGET_NAME)";
				SWIFT_VERSION = 5.0;
				TARGETED_DEVICE_FAMILY = 1;
			};
			name = Debug;
		};
		AEB6DBE02684FD7300D2CE16 /* Release */ = {
			isa = XCBuildConfiguration;
			buildSettings = {
				ASSETCATALOG_COMPILER_APPICON_NAME = AppIcon;
				ASSETCATALOG_COMPILER_GLOBAL_ACCENT_COLOR_NAME = AccentColor;
				CODE_SIGN_STYLE = Automatic;
				DEVELOPMENT_TEAM = 8C4BXC8Z6S;
				INFOPLIST_FILE = Events/Info.plist;
				IPHONEOS_DEPLOYMENT_TARGET = 13.0;
				LD_RUNPATH_SEARCH_PATHS = (
					"$(inherited)",
					"@executable_path/Frameworks",
				);
				PRODUCT_BUNDLE_IDENTIFIER = com.lourdes.eventsapp;
				PRODUCT_NAME = "$(TARGET_NAME)";
				SWIFT_VERSION = 5.0;
				TARGETED_DEVICE_FAMILY = 1;
			};
			name = Release;
		};
/* End XCBuildConfiguration section */

/* Begin XCConfigurationList section */
		AEB6DBC52684FD7100D2CE16 /* Build configuration list for PBXProject "Events" */ = {
			isa = XCConfigurationList;
			buildConfigurations = (
				AEB6DBDC2684FD7300D2CE16 /* Debug */,
				AEB6DBDD2684FD7300D2CE16 /* Release */,
			);
			defaultConfigurationIsVisible = 0;
			defaultConfigurationName = Release;
		};
		AEB6DBDE2684FD7300D2CE16 /* Build configuration list for PBXNativeTarget "Events" */ = {
			isa = XCConfigurationList;
			buildConfigurations = (
				AEB6DBDF2684FD7300D2CE16 /* Debug */,
				AEB6DBE02684FD7300D2CE16 /* Release */,
			);
			defaultConfigurationIsVisible = 0;
			defaultConfigurationName = Release;
		};
/* End XCConfigurationList section */
	};
	rootObject = AEB6DBC22684FD7100D2CE16 /* Project object */;
}
